
Microsoft Visual Studio Solution File, Format Version 12.00
# Visual Studio Version 16
VisualStudioVersion = 16.0.35731.53
MinimumVisualStudioVersion = 10.0.40219.1
Project("{FAE04EC0-301F-11D3-BF4B-00C04F79EFBC}") = "maioroumenorquedez", "maioroumenorquedez.csproj", "{9A1FF87B-E33F-4D45-BEBD-146AC66F8318}"
EndProject
Global
	GlobalSection(SolutionConfigurationPlatforms) = preSolution
		Debug|Any CPU = Debug|Any CPU
		Debug|x64 = Debug|x64
		Release|Any CPU = Release|Any CPU
		Release|x64 = Release|x64
	EndGlobalSection
	GlobalSection(ProjectConfigurationPlatforms) = postSolution
		{9A1FF87B-E33F-4D45-BEBD-146AC66F8318}.Debug|Any CPU.ActiveCfg = Debug|Any CPU
		{9A1FF87B-E33F-4D45-BEBD-146AC66F8318}.Debug|Any CPU.Build.0 = Debug|Any CPU
		{9A1FF87B-E33F-4D45-BEBD-146AC66F8318}.Debug|x64.ActiveCfg = Debug|x64
		{9A1FF87B-E33F-4D45-BEBD-146AC66F8318}.Debug|x64.Build.0 = Debug|x64
		{9A1FF87B-E33F-4D45-BEBD-146AC66F8318}.Release|Any CPU.ActiveCfg = Release|Any CPU
		{9A1FF87B-E33F-4D45-BEBD-146AC66F8318}.Release|Any CPU.Build.0 = Release|Any CPU
		{9A1FF87B-E33F-4D45-BEBD-146AC66F8318}.Release|x64.ActiveCfg = Release|x64
		{9A1FF87B-E33F-4D45-BEBD-146AC66F8318}.Release|x64.Build.0 = Release|x64
	EndGlobalSection
	GlobalSection(SolutionProperties) = preSolution
		HideSolutionNode = FALSE
	EndGlobalSection
	GlobalSection(ExtensibilityGlobals) = postSolution
		SolutionGuid = {7833CF92-6FFA-4940-8B9E-178236CC05FF}
	EndGlobalSection
EndGlobal
